// !$*UTF8*$!
{
	archiveVersion = 1;
	classes = {
	};
	objectVersion = 50;
	objects = {

/* Begin PBXBuildFile section */
		2236689784F4CB7F9B3EF9A2 /* libPods-TestProject.a in Frameworks */ = {isa = PBXBuildFile; fileRef = B00C70ED7A753D2D3C2E4F35 /* libPods-TestProject.a */; };
		CEA1833B20C243470067987F /* YCStudent.m in Sources */ = {isa = PBXBuildFile; fileRef = CEA1833A20C243470067987F /* YCStudent.m */; };
		CEDD2B8420AC38AB007162CB /* AppDelegate.m in Sources */ = {isa = PBXBuildFile; fileRef = CEDD2B8320AC38AB007162CB /* AppDelegate.m */; };
		CEDD2B8720AC38AB007162CB /* ViewController.m in Sources */ = {isa = PBXBuildFile; fileRef = CEDD2B8620AC38AB007162CB /* ViewController.m */; };
		CEDD2B8A20AC38AB007162CB /* Main.storyboard in Resources */ = {isa = PBXBuildFile; fileRef = CEDD2B8820AC38AB007162CB /* Main.storyboard */; };
		CEDD2B8C20AC38AD007162CB /* Assets.xcassets in Resources */ = {isa = PBXBuildFile; fileRef = CEDD2B8B20AC38AD007162CB /* Assets.xcassets */; };
		CEDD2B8F20AC38AD007162CB /* LaunchScreen.storyboard in Resources */ = {isa = PBXBuildFile; fileRef = CEDD2B8D20AC38AD007162CB /* LaunchScreen.storyboard */; };
		CEDD2B9220AC38AD007162CB /* main.m in Sources */ = {isa = PBXBuildFile; fileRef = CEDD2B9120AC38AD007162CB /* main.m */; };
		CEDD2B9C20AC38AD007162CB /* TestProjectTests.m in Sources */ = {isa = PBXBuildFile; fileRef = CEDD2B9B20AC38AD007162CB /* TestProjectTests.m */; };
		CEDD2BA720AC38AD007162CB /* TestProjectUITests.m in Sources */ = {isa = PBXBuildFile; fileRef = CEDD2BA620AC38AD007162CB /* TestProjectUITests.m */; };
		CEDD2BB620AC38E5007162CB /* YCUser.m in Sources */ = {isa = PBXBuildFile; fileRef = CEDD2BB520AC38E5007162CB /* YCUser.m */; };
		CEDD2CDA20AD30E7007162CB /* YCUserManager.m in Sources */ = {isa = PBXBuildFile; fileRef = CEDD2CD920AD30E7007162CB /* YCUserManager.m */; };
/* End PBXBuildFile section */

/* Begin PBXContainerItemProxy section */
		CEDD2B9820AC38AD007162CB /* PBXContainerItemProxy */ = {
			isa = PBXContainerItemProxy;
			containerPortal = CEDD2B7720AC38AB007162CB /* Project object */;
			proxyType = 1;
			remoteGlobalIDString = CEDD2B7E20AC38AB007162CB;
			remoteInfo = TestProject;
		};
		CEDD2BA320AC38AD007162CB /* PBXContainerItemProxy */ = {
			isa = PBXContainerItemProxy;
			containerPortal = CEDD2B7720AC38AB007162CB /* Project object */;
			proxyType = 1;
			remoteGlobalIDString = CEDD2B7E20AC38AB007162CB;
			remoteInfo = TestProject;
		};
/* End PBXContainerItemProxy section */

/* Begin PBXFileReference section */
		3F1776AEFC42546E701A8DEC /* Pods-TestProject.debug.xcconfig */ = {isa = PBXFileReference; includeInIndex = 1; lastKnownFileType = text.xcconfig; name = "Pods-TestProject.debug.xcconfig"; path = "Pods/Target Support Files/Pods-TestProject/Pods-TestProject.debug.xcconfig"; sourceTree = "<group>"; };
		B00C70ED7A753D2D3C2E4F35 /* libPods-TestProject.a */ = {isa = PBXFileReference; explicitFileType = archive.ar; includeInIndex = 0; path = "libPods-TestProject.a"; sourceTree = BUILT_PRODUCTS_DIR; };
		B64257325FB09114979BDF88 /* Pods-TestProject.release.xcconfig */ = {isa = PBXFileReference; includeInIndex = 1; lastKnownFileType = text.xcconfig; name = "Pods-TestProject.release.xcconfig"; path = "Pods/Target Support Files/Pods-TestProject/Pods-TestProject.release.xcconfig"; sourceTree = "<group>"; };
		CEA1833920C243470067987F /* YCStudent.h */ = {isa = PBXFileReference; lastKnownFileType = sourcecode.c.h; path = YCStudent.h; sourceTree = "<group>"; };
		CEA1833A20C243470067987F /* YCStudent.m */ = {isa = PBXFileReference; lastKnownFileType = sourcecode.c.objc; path = YCStudent.m; sourceTree = "<group>"; };
		CEB0C99720CCD95A00B8488B /* YCStudentProtocol.h */ = {isa = PBXFileReference; lastKnownFileType = sourcecode.c.h; path = YCStudentProtocol.h; sourceTree = "<group>"; };
		CEDD2B7F20AC38AB007162CB /* TestProject.app */ = {isa = PBXFileReference; explicitFileType = wrapper.application; includeInIndex = 0; path = TestProject.app; sourceTree = BUILT_PRODUCTS_DIR; };
		CEDD2B8220AC38AB007162CB /* AppDelegate.h */ = {isa = PBXFileReference; lastKnownFileType = sourcecode.c.h; path = AppDelegate.h; sourceTree = "<group>"; };
		CEDD2B8320AC38AB007162CB /* AppDelegate.m */ = {isa = PBXFileReference; lastKnownFileType = sourcecode.c.objc; path = AppDelegate.m; sourceTree = "<group>"; };
		CEDD2B8520AC38AB007162CB /* ViewController.h */ = {isa = PBXFileReference; lastKnownFileType = sourcecode.c.h; path = ViewController.h; sourceTree = "<group>"; };
		CEDD2B8620AC38AB007162CB /* ViewController.m */ = {isa = PBXFileReference; lastKnownFileType = sourcecode.c.objc; path = ViewController.m; sourceTree = "<group>"; };
		CEDD2B8920AC38AB007162CB /* Base */ = {isa = PBXFileReference; lastKnownFileType = file.storyboard; name = Base; path = Base.lproj/Main.storyboard; sourceTree = "<group>"; };
		CEDD2B8B20AC38AD007162CB /* Assets.xcassets */ = {isa = PBXFileReference; lastKnownFileType = folder.assetcatalog; path = Assets.xcassets; sourceTree = "<group>"; };
		CEDD2B8E20AC38AD007162CB /* Base */ = {isa = PBXFileReference; lastKnownFileType = file.storyboard; name = Base; path = Base.lproj/LaunchScreen.storyboard; sourceTree = "<group>"; };
		CEDD2B9020AC38AD007162CB /* Info.plist */ = {isa = PBXFileReference; lastKnownFileType = text.plist.xml; path = Info.plist; sourceTree = "<group>"; };
		CEDD2B9120AC38AD007162CB /* main.m */ = {isa = PBXFileReference; lastKnownFileType = sourcecode.c.objc; path = main.m; sourceTree = "<group>"; };
		CEDD2B9720AC38AD007162CB /* TestProjectTests.xctest */ = {isa = PBXFileReference; explicitFileType = wrapper.cfbundle; includeInIndex = 0; path = TestProjectTests.xctest; sourceTree = BUILT_PRODUCTS_DIR; };
		CEDD2B9B20AC38AD007162CB /* TestProjectTests.m */ = {isa = PBXFileReference; lastKnownFileType = sourcecode.c.objc; path = TestProjectTests.m; sourceTree = "<group>"; };
		CEDD2B9D20AC38AD007162CB /* Info.plist */ = {isa = PBXFileReference; lastKnownFileType = text.plist.xml; path = Info.plist; sourceTree = "<group>"; };
		CEDD2BA220AC38AD007162CB /* TestProjectUITests.xctest */ = {isa = PBXFileReference; explicitFileType = wrapper.cfbundle; includeInIndex = 0; path = TestProjectUITests.xctest; sourceTree = BUILT_PRODUCTS_DIR; };
		CEDD2BA620AC38AD007162CB /* TestProjectUITests.m */ = {isa = PBXFileReference; lastKnownFileType = sourcecode.c.objc; path = TestProjectUITests.m; sourceTree = "<group>"; };
		CEDD2BA820AC38AD007162CB /* Info.plist */ = {isa = PBXFileReference; lastKnownFileType = text.plist.xml; path = Info.plist; sourceTree = "<group>"; };
		CEDD2BB420AC38E5007162CB /* YCUser.h */ = {isa = PBXFileReference; lastKnownFileType = sourcecode.c.h; path = YCUser.h; sourceTree = "<group>"; };
		CEDD2BB520AC38E5007162CB /* YCUser.m */ = {isa = PBXFileReference; lastKnownFileType = sourcecode.c.objc; path = YCUser.m; sourceTree = "<group>"; };
		CEDD2BB720AD1757007162CB /* YCUserProtocol.h */ = {isa = PBXFileReference; lastKnownFileType = sourcecode.c.h; path = YCUserProtocol.h; sourceTree = "<group>"; };
		CEDD2CD820AD30E7007162CB /* YCUserManager.h */ = {isa = PBXFileReference; lastKnownFileType = sourcecode.c.h; path = YCUserManager.h; sourceTree = "<group>"; };
		CEDD2CD920AD30E7007162CB /* YCUserManager.m */ = {isa = PBXFileReference; lastKnownFileType = sourcecode.c.objc; path = YCUserManager.m; sourceTree = "<group>"; };
		CEDD30DF20ADA1F4007162CB /* YCUserManagerProtocal.h */ = {isa = PBXFileReference; lastKnownFileType = sourcecode.c.h; path = YCUserManagerProtocal.h; sourceTree = "<group>"; };
/* End PBXFileReference section */

/* Begin PBXFrameworksBuildPhase section */
		CEDD2B7C20AC38AB007162CB /* Frameworks */ = {
			isa = PBXFrameworksBuildPhase;
			buildActionMask = 2147483647;
			files = (
				2236689784F4CB7F9B3EF9A2 /* libPods-TestProject.a in Frameworks */,
			);
			runOnlyForDeploymentPostprocessing = 0;
		};
		CEDD2B9420AC38AD007162CB /* Frameworks */ = {
			isa = PBXFrameworksBuildPhase;
			buildActionMask = 2147483647;
			files = (
			);
			runOnlyForDeploymentPostprocessing = 0;
		};
		CEDD2B9F20AC38AD007162CB /* Frameworks */ = {
			isa = PBXFrameworksBuildPhase;
			buildActionMask = 2147483647;
			files = (
			);
			runOnlyForDeploymentPostprocessing = 0;
		};
/* End PBXFrameworksBuildPhase section */

/* Begin PBXGroup section */
		4D5422459E402724E580C533 /* Pods */ = {
			isa = PBXGroup;
			children = (
				3F1776AEFC42546E701A8DEC /* Pods-TestProject.debug.xcconfig */,
				B64257325FB09114979BDF88 /* Pods-TestProject.release.xcconfig */,
			);
			name = Pods;
			sourceTree = "<group>";
		};
		98A51D38AE3B8F226596F279 /* Frameworks */ = {
			isa = PBXGroup;
			children = (
				B00C70ED7A753D2D3C2E4F35 /* libPods-TestProject.a */,
			);
			name = Frameworks;
			sourceTree = "<group>";
		};
		CEDD2B7620AC38AB007162CB = {
			isa = PBXGroup;
			children = (
				CEDD2B8120AC38AB007162CB /* TestProject */,
				CEDD2B9A20AC38AD007162CB /* TestProjectTests */,
				CEDD2BA520AC38AD007162CB /* TestProjectUITests */,
				CEDD2B8020AC38AB007162CB /* Products */,
				4D5422459E402724E580C533 /* Pods */,
				98A51D38AE3B8F226596F279 /* Frameworks */,
			);
			sourceTree = "<group>";
		};
		CEDD2B8020AC38AB007162CB /* Products */ = {
			isa = PBXGroup;
			children = (
				CEDD2B7F20AC38AB007162CB /* TestProject.app */,
				CEDD2B9720AC38AD007162CB /* TestProjectTests.xctest */,
				CEDD2BA220AC38AD007162CB /* TestProjectUITests.xctest */,
			);
			name = Products;
			sourceTree = "<group>";
		};
		CEDD2B8120AC38AB007162CB /* TestProject */ = {
			isa = PBXGroup;
			children = (
				CEDD2B8220AC38AB007162CB /* AppDelegate.h */,
				CEDD2B8320AC38AB007162CB /* AppDelegate.m */,
				CEDD2B8520AC38AB007162CB /* ViewController.h */,
				CEDD2B8620AC38AB007162CB /* ViewController.m */,
				CEDD2B8820AC38AB007162CB /* Main.storyboard */,
				CEDD2B8B20AC38AD007162CB /* Assets.xcassets */,
				CEDD2B8D20AC38AD007162CB /* LaunchScreen.storyboard */,
				CEDD2B9020AC38AD007162CB /* Info.plist */,
				CEDD2B9120AC38AD007162CB /* main.m */,
				CEDD30DF20ADA1F4007162CB /* YCUserManagerProtocal.h */,
				CEDD2CD820AD30E7007162CB /* YCUserManager.h */,
				CEDD2CD920AD30E7007162CB /* YCUserManager.m */,
				CEDD2BB720AD1757007162CB /* YCUserProtocol.h */,
				CEDD2BB420AC38E5007162CB /* YCUser.h */,
				CEDD2BB520AC38E5007162CB /* YCUser.m */,
				CEA1833920C243470067987F /* YCStudent.h */,
				CEA1833A20C243470067987F /* YCStudent.m */,
				CEB0C99720CCD95A00B8488B /* YCStudentProtocol.h */,
			);
			path = TestProject;
			sourceTree = "<group>";
		};
		CEDD2B9A20AC38AD007162CB /* TestProjectTests */ = {
			isa = PBXGroup;
			children = (
				CEDD2B9B20AC38AD007162CB /* TestProjectTests.m */,
				CEDD2B9D20AC38AD007162CB /* Info.plist */,
			);
			path = TestProjectTests;
			sourceTree = "<group>";
		};
		CEDD2BA520AC38AD007162CB /* TestProjectUITests */ = {
			isa = PBXGroup;
			children = (
				CEDD2BA620AC38AD007162CB /* TestProjectUITests.m */,
				CEDD2BA820AC38AD007162CB /* Info.plist */,
			);
			path = TestProjectUITests;
			sourceTree = "<group>";
		};
/* End PBXGroup section */

/* Begin PBXNativeTarget section */
		CEDD2B7E20AC38AB007162CB /* TestProject */ = {
			isa = PBXNativeTarget;
			buildConfigurationList = CEDD2BAB20AC38AD007162CB /* Build configuration list for PBXNativeTarget "TestProject" */;
			buildPhases = (
				42D14B9DE650A3D30B556076 /* [CP] Check Pods Manifest.lock */,
				CEDD2B7B20AC38AB007162CB /* Sources */,
				CEDD2B7C20AC38AB007162CB /* Frameworks */,
				CEDD2B7D20AC38AB007162CB /* Resources */,
				2CCA57BBD2AA385A4791827B /* [CP] Embed Pods Frameworks */,
				4F5278708DF201D996EE02C7 /* [CP] Copy Pods Resources */,
			);
			buildRules = (
			);
			dependencies = (
			);
			name = TestProject;
			productName = TestProject;
			productReference = CEDD2B7F20AC38AB007162CB /* TestProject.app */;
			productType = "com.apple.product-type.application";
		};
		CEDD2B9620AC38AD007162CB /* TestProjectTests */ = {
			isa = PBXNativeTarget;
			buildConfigurationList = CEDD2BAE20AC38AD007162CB /* Build configuration list for PBXNativeTarget "TestProjectTests" */;
			buildPhases = (
				CEDD2B9320AC38AD007162CB /* Sources */,
				CEDD2B9420AC38AD007162CB /* Frameworks */,
				CEDD2B9520AC38AD007162CB /* Resources */,
			);
			buildRules = (
			);
			dependencies = (
				CEDD2B9920AC38AD007162CB /* PBXTargetDependency */,
			);
			name = TestProjectTests;
			productName = TestProjectTests;
			productReference = CEDD2B9720AC38AD007162CB /* TestProjectTests.xctest */;
			productType = "com.apple.product-type.bundle.unit-test";
		};
		CEDD2BA120AC38AD007162CB /* TestProjectUITests */ = {
			isa = PBXNativeTarget;
			buildConfigurationList = CEDD2BB120AC38AD007162CB /* Build configuration list for PBXNativeTarget "TestProjectUITests" */;
			buildPhases = (
				CEDD2B9E20AC38AD007162CB /* Sources */,
				CEDD2B9F20AC38AD007162CB /* Frameworks */,
				CEDD2BA020AC38AD007162CB /* Resources */,
			);
			buildRules = (
			);
			dependencies = (
				CEDD2BA420AC38AD007162CB /* PBXTargetDependency */,
			);
			name = TestProjectUITests;
			productName = TestProjectUITests;
			productReference = CEDD2BA220AC38AD007162CB /* TestProjectUITests.xctest */;
			productType = "com.apple.product-type.bundle.ui-testing";
		};
/* End PBXNativeTarget section */

/* Begin PBXProject section */
		CEDD2B7720AC38AB007162CB /* Project object */ = {
			isa = PBXProject;
			attributes = {
				LastUpgradeCheck = 0930;
				ORGANIZATIONNAME = "洋葱数学";
				TargetAttributes = {
					CEDD2B7E20AC38AB007162CB = {
						CreatedOnToolsVersion = 9.3;
					};
					CEDD2B9620AC38AD007162CB = {
						CreatedOnToolsVersion = 9.3;
						TestTargetID = CEDD2B7E20AC38AB007162CB;
					};
					CEDD2BA120AC38AD007162CB = {
						CreatedOnToolsVersion = 9.3;
						TestTargetID = CEDD2B7E20AC38AB007162CB;
					};
				};
			};
			buildConfigurationList = CEDD2B7A20AC38AB007162CB /* Build configuration list for PBXProject "TestProject" */;
			compatibilityVersion = "Xcode 9.3";
			developmentRegion = en;
			hasScannedForEncodings = 0;
			knownRegions = (
				en,
				Base,
			);
			mainGroup = CEDD2B7620AC38AB007162CB;
			productRefGroup = CEDD2B8020AC38AB007162CB /* Products */;
			projectDirPath = "";
			projectRoot = "";
			targets = (
				CEDD2B7E20AC38AB007162CB /* TestProject */,
				CEDD2B9620AC38AD007162CB /* TestProjectTests */,
				CEDD2BA120AC38AD007162CB /* TestProjectUITests */,
			);
		};
/* End PBXProject section */

/* Begin PBXResourcesBuildPhase section */
		CEDD2B7D20AC38AB007162CB /* Resources */ = {
			isa = PBXResourcesBuildPhase;
			buildActionMask = 2147483647;
			files = (
				CEDD2B8F20AC38AD007162CB /* LaunchScreen.storyboard in Resources */,
				CEDD2B8C20AC38AD007162CB /* Assets.xcassets in Resources */,
				CEDD2B8A20AC38AB007162CB /* Main.storyboard in Resources */,
			);
			runOnlyForDeploymentPostprocessing = 0;
		};
		CEDD2B9520AC38AD007162CB /* Resources */ = {
			isa = PBXResourcesBuildPhase;
			buildActionMask = 2147483647;
			files = (
			);
			runOnlyForDeploymentPostprocessing = 0;
		};
		CEDD2BA020AC38AD007162CB /* Resources */ = {
			isa = PBXResourcesBuildPhase;
			buildActionMask = 2147483647;
			files = (
			);
			runOnlyForDeploymentPostprocessing = 0;
		};
/* End PBXResourcesBuildPhase section */

/* Begin PBXShellScriptBuildPhase section */
		2CCA57BBD2AA385A4791827B /* [CP] Embed Pods Frameworks */ = {
			isa = PBXShellScriptBuildPhase;
			buildActionMask = 2147483647;
			files = (
			);
			inputPaths = (
			);
			name = "[CP] Embed Pods Frameworks";
			outputPaths = (
			);
			runOnlyForDeploymentPostprocessing = 0;
			shellPath = /bin/sh;
			shellScript = "\"${SRCROOT}/Pods/Target Support Files/Pods-TestProject/Pods-TestProject-frameworks.sh\"\n";
			showEnvVarsInLog = 0;
		};
		42D14B9DE650A3D30B556076 /* [CP] Check Pods Manifest.lock */ = {
			isa = PBXShellScriptBuildPhase;
			buildActionMask = 2147483647;
			files = (
			);
			inputPaths = (
				"${PODS_PODFILE_DIR_PATH}/Podfile.lock",
				"${PODS_ROOT}/Manifest.lock",
			);
			name = "[CP] Check Pods Manifest.lock";
			outputPaths = (
				"$(DERIVED_FILE_DIR)/Pods-TestProject-checkManifestLockResult.txt",
			);
			runOnlyForDeploymentPostprocessing = 0;
			shellPath = /bin/sh;
			shellScript = "diff \"${PODS_PODFILE_DIR_PATH}/Podfile.lock\" \"${PODS_ROOT}/Manifest.lock\" > /dev/null\nif [ $? != 0 ] ; then\n    # print error to STDERR\n    echo \"error: The sandbox is not in sync with the Podfile.lock. Run 'pod install' or update your CocoaPods installation.\" >&2\n    exit 1\nfi\n# This output is used by Xcode 'outputs' to avoid re-running this script phase.\necho \"SUCCESS\" > \"${SCRIPT_OUTPUT_FILE_0}\"\n";
			showEnvVarsInLog = 0;
		};
		4F5278708DF201D996EE02C7 /* [CP] Copy Pods Resources */ = {
			isa = PBXShellScriptBuildPhase;
			buildActionMask = 2147483647;
			files = (
			);
			inputPaths = (
				"${SRCROOT}/Pods/Target Support Files/Pods-TestProject/Pods-TestProject-resources.sh",
				"${PODS_ROOT}/BeeHive/BeeHive/BeeHive.bundle",
			);
			name = "[CP] Copy Pods Resources";
			outputPaths = (
				"${TARGET_BUILD_DIR}/${UNLOCALIZED_RESOURCES_FOLDER_PATH}/BeeHive.bundle",
			);
			runOnlyForDeploymentPostprocessing = 0;
			shellPath = /bin/sh;
			shellScript = "\"${SRCROOT}/Pods/Target Support Files/Pods-TestProject/Pods-TestProject-resources.sh\"\n";
			showEnvVarsInLog = 0;
		};
/* End PBXShellScriptBuildPhase section */

/* Begin PBXSourcesBuildPhase section */
		CEDD2B7B20AC38AB007162CB /* Sources */ = {
			isa = PBXSourcesBuildPhase;
			buildActionMask = 2147483647;
			files = (
				CEA1833B20C243470067987F /* YCStudent.m in Sources */,
				CEDD2BB620AC38E5007162CB /* YCUser.m in Sources */,
				CEDD2B8720AC38AB007162CB /* ViewController.m in Sources */,
				CEDD2CDA20AD30E7007162CB /* YCUserManager.m in Sources */,
				CEDD2B9220AC38AD007162CB /* main.m in Sources */,
				CEDD2B8420AC38AB007162CB /* AppDelegate.m in Sources */,
			);
			runOnlyForDeploymentPostprocessing = 0;
		};
		CEDD2B9320AC38AD007162CB /* Sources */ = {
			isa = PBXSourcesBuildPhase;
			buildActionMask = 2147483647;
			files = (
				CEDD2B9C20AC38AD007162CB /* TestProjectTests.m in Sources */,
			);
			runOnlyForDeploymentPostprocessing = 0;
		};
		CEDD2B9E20AC38AD007162CB /* Sources */ = {
			isa = PBXSourcesBuildPhase;
			buildActionMask = 2147483647;
			files = (
				CEDD2BA720AC38AD007162CB /* TestProjectUITests.m in Sources */,
			);
			runOnlyForDeploymentPostprocessing = 0;
		};
/* End PBXSourcesBuildPhase section */

/* Begin PBXTargetDependency section */
		CEDD2B9920AC38AD007162CB /* PBXTargetDependency */ = {
			isa = PBXTargetDependency;
			target = CEDD2B7E20AC38AB007162CB /* TestProject */;
			targetProxy = CEDD2B9820AC38AD007162CB /* PBXContainerItemProxy */;
		};
		CEDD2BA420AC38AD007162CB /* PBXTargetDependency */ = {
			isa = PBXTargetDependency;
			target = CEDD2B7E20AC38AB007162CB /* TestProject */;
			targetProxy = CEDD2BA320AC38AD007162CB /* PBXContainerItemProxy */;
		};
/* End PBXTargetDependency section */

/* Begin PBXVariantGroup section */
		CEDD2B8820AC38AB007162CB /* Main.storyboard */ = {
			isa = PBXVariantGroup;
			children = (
				CEDD2B8920AC38AB007162CB /* Base */,
			);
			name = Main.storyboard;
			sourceTree = "<group>";
		};
		CEDD2B8D20AC38AD007162CB /* LaunchScreen.storyboard */ = {
			isa = PBXVariantGroup;
			children = (
				CEDD2B8E20AC38AD007162CB /* Base */,
			);
			name = LaunchScreen.storyboard;
			sourceTree = "<group>";
		};
/* End PBXVariantGroup section */

/* Begin XCBuildConfiguration section */
		CEDD2BA920AC38AD007162CB /* Debug */ = {
			isa = XCBuildConfiguration;
			buildSettings = {
				ALWAYS_SEARCH_USER_PATHS = NO;
				CLANG_ANALYZER_NONNULL = YES;
				CLANG_ANALYZER_NUMBER_OBJECT_CONVERSION = YES_AGGRESSIVE;
				CLANG_CXX_LANGUAGE_STANDARD = "gnu++14";
				CLANG_CXX_LIBRARY = "libc++";
				CLANG_ENABLE_MODULES = YES;
				CLANG_ENABLE_OBJC_ARC = YES;
				CLANG_ENABLE_OBJC_WEAK = YES;
				CLANG_WARN_BLOCK_CAPTURE_AUTORELEASING = YES;
				CLANG_WARN_BOOL_CONVERSION = YES;
				CLANG_WARN_COMMA = YES;
				CLANG_WARN_CONSTANT_CONVERSION = YES;
				CLANG_WARN_DEPRECATED_OBJC_IMPLEMENTATIONS = YES;
				CLANG_WARN_DIRECT_OBJC_ISA_USAGE = YES_ERROR;
				CLANG_WARN_DOCUMENTATION_COMMENTS = YES;
				CLANG_WARN_EMPTY_BODY = YES;
				CLANG_WARN_ENUM_CONVERSION = YES;
				CLANG_WARN_INFINITE_RECURSION = YES;
				CLANG_WARN_INT_CONVERSION = YES;
				CLANG_WARN_NON_LITERAL_NULL_CONVERSION = YES;
				CLANG_WARN_OBJC_IMPLICIT_RETAIN_SELF = YES;
				CLANG_WARN_OBJC_LITERAL_CONVERSION = YES;
				CLANG_WARN_OBJC_ROOT_CLASS = YES_ERROR;
				CLANG_WARN_RANGE_LOOP_ANALYSIS = YES;
				CLANG_WARN_STRICT_PROTOTYPES = YES;
				CLANG_WARN_SUSPICIOUS_MOVE = YES;
				CLANG_WARN_UNGUARDED_AVAILABILITY = YES_AGGRESSIVE;
				CLANG_WARN_UNREACHABLE_CODE = YES;
				CLANG_WARN__DUPLICATE_METHOD_MATCH = YES;
				CODE_SIGN_IDENTITY = "iPhone Developer";
				COPY_PHASE_STRIP = NO;
				DEBUG_INFORMATION_FORMAT = dwarf;
				ENABLE_STRICT_OBJC_MSGSEND = YES;
				ENABLE_TESTABILITY = YES;
				GCC_C_LANGUAGE_STANDARD = gnu11;
				GCC_DYNAMIC_NO_PIC = NO;
				GCC_NO_COMMON_BLOCKS = YES;
				GCC_OPTIMIZATION_LEVEL = 0;
				GCC_PREPROCESSOR_DEFINITIONS = (
					"DEBUG=1",
					"$(inherited)",
				);
				GCC_WARN_64_TO_32_BIT_CONVERSION = YES;
				GCC_WARN_ABOUT_RETURN_TYPE = YES_ERROR;
				GCC_WARN_UNDECLARED_SELECTOR = YES;
				GCC_WARN_UNINITIALIZED_AUTOS = YES_AGGRESSIVE;
				GCC_WARN_UNUSED_FUNCTION = YES;
				GCC_WARN_UNUSED_VARIABLE = YES;
				IPHONEOS_DEPLOYMENT_TARGET = 11.3;
				MTL_ENABLE_DEBUG_INFO = YES;
				ONLY_ACTIVE_ARCH = YES;
				SDKROOT = iphoneos;
			};
			name = Debug;
		};
		CEDD2BAA20AC38AD007162CB /* Release */ = {
			isa = XCBuildConfiguration;
			buildSettings = {
				ALWAYS_SEARCH_USER_PATHS = NO;
				CLANG_ANALYZER_NONNULL = YES;
				CLANG_ANALYZER_NUMBER_OBJECT_CONVERSION = YES_AGGRESSIVE;
				CLANG_CXX_LANGUAGE_STANDARD = "gnu++14";
				CLANG_CXX_LIBRARY = "libc++";
				CLANG_ENABLE_MODULES = YES;
				CLANG_ENABLE_OBJC_ARC = YES;
				CLANG_ENABLE_OBJC_WEAK = YES;
				CLANG_WARN_BLOCK_CAPTURE_AUTORELEASING = YES;
				CLANG_WARN_BOOL_CONVERSION = YES;
				CLANG_WARN_COMMA = YES;
				CLANG_WARN_CONSTANT_CONVERSION = YES;
				CLANG_WARN_DEPRECATED_OBJC_IMPLEMENTATIONS = YES;
				CLANG_WARN_DIRECT_OBJC_ISA_USAGE = YES_ERROR;
				CLANG_WARN_DOCUMENTATION_COMMENTS = YES;
				CLANG_WARN_EMPTY_BODY = YES;
				CLANG_WARN_ENUM_CONVERSION = YES;
				CLANG_WARN_INFINITE_RECURSION = YES;
				CLANG_WARN_INT_CONVERSION = YES;
				CLANG_WARN_NON_LITERAL_NULL_CONVERSION = YES;
				CLANG_WARN_OBJC_IMPLICIT_RETAIN_SELF = YES;
				CLANG_WARN_OBJC_LITERAL_CONVERSION = YES;
				CLANG_WARN_OBJC_ROOT_CLASS = YES_ERROR;
				CLANG_WARN_RANGE_LOOP_ANALYSIS = YES;
				CLANG_WARN_STRICT_PROTOTYPES = YES;
				CLANG_WARN_SUSPICIOUS_MOVE = YES;
				CLANG_WARN_UNGUARDED_AVAILABILITY = YES_AGGRESSIVE;
				CLANG_WARN_UNREACHABLE_CODE = YES;
				CLANG_WARN__DUPLICATE_METHOD_MATCH = YES;
				CODE_SIGN_IDENTITY = "iPhone Developer";
				COPY_PHASE_STRIP = NO;
				DEBUG_INFORMATION_FORMAT = "dwarf-with-dsym";
				ENABLE_NS_ASSERTIONS = NO;
				ENABLE_STRICT_OBJC_MSGSEND = YES;
				GCC_C_LANGUAGE_STANDARD = gnu11;
				GCC_NO_COMMON_BLOCKS = YES;
				GCC_WARN_64_TO_32_BIT_CONVERSION = YES;
				GCC_WARN_ABOUT_RETURN_TYPE = YES_ERROR;
				GCC_WARN_UNDECLARED_SELECTOR = YES;
				GCC_WARN_UNINITIALIZED_AUTOS = YES_AGGRESSIVE;
				GCC_WARN_UNUSED_FUNCTION = YES;
				GCC_WARN_UNUSED_VARIABLE = YES;
				IPHONEOS_DEPLOYMENT_TARGET = 11.3;
				MTL_ENABLE_DEBUG_INFO = NO;
				SDKROOT = iphoneos;
				VALIDATE_PRODUCT = YES;
			};
			name = Release;
		};
		CEDD2BAC20AC38AD007162CB /* Debug */ = {
			isa = XCBuildConfiguration;
			baseConfigurationReference = 3F1776AEFC42546E701A8DEC /* Pods-TestProject.debug.xcconfig */;
			buildSettings = {
				ASSETCATALOG_COMPILER_APPICON_NAME = AppIcon;
				CLANG_ALLOW_NON_MODULAR_INCLUDES_IN_FRAMEWORK_MODULES = YES;
				CODE_SIGN_STYLE = Automatic;
				FRAMEWORK_SEARCH_PATHS = (
					"$(inherited)",
					"$(PROJECT_DIR)/TestProject",
				);
				INFOPLIST_FILE = TestProject/Info.plist;
				LD_RUNPATH_SEARCH_PATHS = (
					"$(inherited)",
					"@executable_path/Frameworks",
				);
				PRODUCT_BUNDLE_IDENTIFIER = com.chaochao.company.TestProject;
				PRODUCT_NAME = "$(TARGET_NAME)";
				TARGETED_DEVICE_FAMILY = "1,2";
			};
			name = Debug;
		};
		CEDD2BAD20AC38AD007162CB /* Release */ = {
			isa = XCBuildConfiguration;
			baseConfigurationReference = B64257325FB09114979BDF88 /* Pods-TestProject.release.xcconfig */;
			buildSettings = {
				ASSETCATALOG_COMPILER_APPICON_NAME = AppIcon;
				CLANG_ALLOW_NON_MODULAR_INCLUDES_IN_FRAMEWORK_MODULES = YES;
				CODE_SIGN_STYLE = Automatic;
				FRAMEWORK_SEARCH_PATHS = (
					"$(inherited)",
					"$(PROJECT_DIR)/TestProject",
				);
				INFOPLIST_FILE = TestProject/Info.plist;
				LD_RUNPATH_SEARCH_PATHS = (
					"$(inherited)",
					"@executable_path/Frameworks",
				);
				PRODUCT_BUNDLE_IDENTIFIER = com.chaochao.company.TestProject;
				PRODUCT_NAME = "$(TARGET_NAME)";
				TARGETED_DEVICE_FAMILY = "1,2";
			};
			name = Release;
		};
		CEDD2BAF20AC38AD007162CB /* Debug */ = {
			isa = XCBuildConfiguration;
			buildSettings = {
				BUNDLE_LOADER = "$(TEST_HOST)";
				CODE_SIGN_STYLE = Automatic;
				INFOPLIST_FILE = TestProjectTests/Info.plist;
				LD_RUNPATH_SEARCH_PATHS = (
					"$(inherited)",
					"@executable_path/Frameworks",
					"@loader_path/Frameworks",
				);
				PRODUCT_BUNDLE_IDENTIFIER = com.chaochao.company.TestProjectTests;
				PRODUCT_NAME = "$(TARGET_NAME)";
				TARGETED_DEVICE_FAMILY = "1,2";
				TEST_HOST = "$(BUILT_PRODUCTS_DIR)/TestProject.app/TestProject";
			};
			name = Debug;
		};
		CEDD2BB020AC38AD007162CB /* Release */ = {
			isa = XCBuildConfiguration;
			buildSettings = {
				BUNDLE_LOADER = "$(TEST_HOST)";
				CODE_SIGN_STYLE = Automatic;
				INFOPLIST_FILE = TestProjectTests/Info.plist;
				LD_RUNPATH_SEARCH_PATHS = (
					"$(inherited)",
					"@executable_path/Frameworks",
					"@loader_path/Frameworks",
				);
				PRODUCT_BUNDLE_IDENTIFIER = com.chaochao.company.TestProjectTests;
				PRODUCT_NAME = "$(TARGET_NAME)";
				TARGETED_DEVICE_FAMILY = "1,2";
				TEST_HOST = "$(BUILT_PRODUCTS_DIR)/TestProject.app/TestProject";
			};
			name = Release;
		};
		CEDD2BB220AC38AD007162CB /* Debug */ = {
			isa = XCBuildConfiguration;
			buildSettings = {
				CODE_SIGN_STYLE = Automatic;
				INFOPLIST_FILE = TestProjectUITests/Info.plist;
				LD_RUNPATH_SEARCH_PATHS = (
					"$(inherited)",
					"@executable_path/Frameworks",
					"@loader_path/Frameworks",
				);
				PRODUCT_BUNDLE_IDENTIFIER = com.chaochao.company.TestProjectUITests;
				PRODUCT_NAME = "$(TARGET_NAME)";
				TARGETED_DEVICE_FAMILY = "1,2";
				TEST_TARGET_NAME = TestProject;
			};
			name = Debug;
		};
		CEDD2BB320AC38AD007162CB /* Release */ = {
			isa = XCBuildConfiguration;
			buildSettings = {
				CODE_SIGN_STYLE = Automatic;
				INFOPLIST_FILE = TestProjectUITests/Info.plist;
				LD_RUNPATH_SEARCH_PATHS = (
					"$(inherited)",
					"@executable_path/Frameworks",
					"@loader_path/Frameworks",
				);
				PRODUCT_BUNDLE_IDENTIFIER = com.chaochao.company.TestProjectUITests;
				PRODUCT_NAME = "$(TARGET_NAME)";
				TARGETED_DEVICE_FAMILY = "1,2";
				TEST_TARGET_NAME = TestProject;
			};
			name = Release;
		};
/* End XCBuildConfiguration section */

/* Begin XCConfigurationList section */
		CEDD2B7A20AC38AB007162CB /* Build configuration list for PBXProject "TestProject" */ = {
			isa = XCConfigurationList;
			buildConfigurations = (
				CEDD2BA920AC38AD007162CB /* Debug */,
				CEDD2BAA20AC38AD007162CB /* Release */,
			);
			defaultConfigurationIsVisible = 0;
			defaultConfigurationName = Release;
		};
		CEDD2BAB20AC38AD007162CB /* Build configuration list for PBXNativeTarget "TestProject" */ = {
			isa = XCConfigurationList;
			buildConfigurations = (
				CEDD2BAC20AC38AD007162CB /* Debug */,
				CEDD2BAD20AC38AD007162CB /* Release */,
			);
			defaultConfigurationIsVisible = 0;
			defaultConfigurationName = Release;
		};
		CEDD2BAE20AC38AD007162CB /* Build configuration list for PBXNativeTarget "TestProjectTests" */ = {
			isa = XCConfigurationList;
			buildConfigurations = (
				CEDD2BAF20AC38AD007162CB /* Debug */,
				CEDD2BB020AC38AD007162CB /* Release */,
			);
			defaultConfigurationIsVisible = 0;
			defaultConfigurationName = Release;
		};
		CEDD2BB120AC38AD007162CB /* Build configuration list for PBXNativeTarget "TestProjectUITests" */ = {
			isa = XCConfigurationList;
			buildConfigurations = (
				CEDD2BB220AC38AD007162CB /* Debug */,
				CEDD2BB320AC38AD007162CB /* Release */,
			);
			defaultConfigurationIsVisible = 0;
			defaultConfigurationName = Release;
		};
/* End XCConfigurationList section */
	};
	rootObject = CEDD2B7720AC38AB007162CB /* Project object */;
}
